
Microsoft Visual Studio Solution File, Format Version 12.00
# Visual Studio 15
VisualStudioVersion = 15.0.26403.0
MinimumVisualStudioVersion = 10.0.40219.1
Project("{FAE04EC0-301F-11D3-BF4B-00C04F79EFBC}") = "Testing", "Testing\Testing.csproj", "{78E21FA3-9B4C-49D3-87F3-B513F836D90D}"
EndProject
Project("{FAE04EC0-301F-11D3-BF4B-00C04F79EFBC}") = "Geometry", "Geometry\Geometry.csproj", "{2B98A218-7E59-4677-8CA5-756ED1D8E5C8}"
EndProject
Project("{FAE04EC0-301F-11D3-BF4B-00C04F79EFBC}") = "UnitTestProject", "UnitTestProject\UnitTestProject.csproj", "{1CF1B56D-6EDD-4B22-A293-A12BFEE10CB5}"
EndProject
Global
	GlobalSection(SolutionConfigurationPlatforms) = preSolution
		Debug|Any CPU = Debug|Any CPU
		Release|Any CPU = Release|Any CPU
	EndGlobalSection
	GlobalSection(ProjectConfigurationPlatforms) = postSolution
		{78E21FA3-9B4C-49D3-87F3-B513F836D90D}.Debug|Any CPU.ActiveCfg = Debug|Any CPU
		{78E21FA3-9B4C-49D3-87F3-B513F836D90D}.Debug|Any CPU.Build.0 = Debug|Any CPU
		{78E21FA3-9B4C-49D3-87F3-B513F836D90D}.Release|Any CPU.ActiveCfg = Release|Any CPU
		{78E21FA3-9B4C-49D3-87F3-B513F836D90D}.Release|Any CPU.Build.0 = Release|Any CPU
		{2B98A218-7E59-4677-8CA5-756ED1D8E5C8}.Debug|Any CPU.ActiveCfg = Debug|Any CPU
		{2B98A218-7E59-4677-8CA5-756ED1D8E5C8}.Debug|Any CPU.Build.0 = Debug|Any CPU
		{2B98A218-7E59-4677-8CA5-756ED1D8E5C8}.Release|Any CPU.ActiveCfg = Release|Any CPU
		{2B98A218-7E59-4677-8CA5-756ED1D8E5C8}.Release|Any CPU.Build.0 = Release|Any CPU
		{1CF1B56D-6EDD-4B22-A293-A12BFEE10CB5}.Debug|Any CPU.ActiveCfg = Debug|Any CPU
		{1CF1B56D-6EDD-4B22-A293-A12BFEE10CB5}.Debug|Any CPU.Build.0 = Debug|Any CPU
		{1CF1B56D-6EDD-4B22-A293-A12BFEE10CB5}.Release|Any CPU.ActiveCfg = Release|Any CPU
		{1CF1B56D-6EDD-4B22-A293-A12BFEE10CB5}.Release|Any CPU.Build.0 = Release|Any CPU
	EndGlobalSection
	GlobalSection(SolutionProperties) = preSolution
		HideSolutionNode = FALSE
	EndGlobalSection
EndGlobal
